Microsoft Visual Studio Solution File, Format Version 12.00
# Visual Studio 2012
Project("{FAE04EC0-301F-11D3-BF4B-00C04F79EFBC}") = "Pokemon Game", "Pokemon Game.csproj", "{389A5F46-BE67-4B6B-A63E-2D1C716F25AF}"
EndProject
Global
	GlobalSection(SolutionConfigurationPlatforms) = preSolution
	Debug|Any CPU = Debug|Any CPU
	ExportDebug|Any CPU = ExportDebug|Any CPU
	ExportRelease|Any CPU = ExportRelease|Any CPU
	EndGlobalSection
	GlobalSection(ProjectConfigurationPlatforms) = postSolution
		{389A5F46-BE67-4B6B-A63E-2D1C716F25AF}.Debug|Any CPU.ActiveCfg = Debug|Any CPU
		{389A5F46-BE67-4B6B-A63E-2D1C716F25AF}.Debug|Any CPU.Build.0 = Debug|Any CPU
		{389A5F46-BE67-4B6B-A63E-2D1C716F25AF}.ExportDebug|Any CPU.ActiveCfg = ExportDebug|Any CPU
		{389A5F46-BE67-4B6B-A63E-2D1C716F25AF}.ExportDebug|Any CPU.Build.0 = ExportDebug|Any CPU
		{389A5F46-BE67-4B6B-A63E-2D1C716F25AF}.ExportRelease|Any CPU.ActiveCfg = ExportRelease|Any CPU
		{389A5F46-BE67-4B6B-A63E-2D1C716F25AF}.ExportRelease|Any CPU.Build.0 = ExportRelease|Any CPU
	EndGlobalSection
EndGlobal
